
Microsoft Visual Studio Solution File, Format Version 12.00
# Visual Studio Version 16
VisualStudioVersion = 16.0.29709.97
MinimumVisualStudioVersion = 15.0.26124.0
Project("{2150E333-8FDC-42A3-9474-1A3956D46DE8}") = "src", "src", "{48254911-AFAE-40C6-8F83-92F9BA410E22}"
EndProject
Project("{9A19103F-16F7-4668-BE54-9A1E7A4F7556}") = "UI", "src\UI\UI.csproj", "{EDB20C41-2D88-4E38-AA9E-9A9793BAC4DC}"
EndProject
Project("{9A19103F-16F7-4668-BE54-9A1E7A4F7556}") = "Core", "src\Core\Core.csproj", "{166CA6F3-BC67-460E-8684-6E486B35A596}"
EndProject
Project("{9A19103F-16F7-4668-BE54-9A1E7A4F7556}") = "DAL", "src\DAL\DAL.csproj", "{7DC52369-1D1B-40F0-BDBC-5A901CC2EF7F}"
EndProject
Project("{2150E333-8FDC-42A3-9474-1A3956D46DE8}") = "Tests", "Tests", "{CF363F75-9A2E-49B3-A83D-18F75B594CE0}"
EndProject
Project("{9A19103F-16F7-4668-BE54-9A1E7A4F7556}") = "UI.Tests", "tests\UI.Tests\UI.Tests.csproj", "{4B11B628-934C-45D2-A4B1-2B1144DB8C42}"
EndProject
Project("{9A19103F-16F7-4668-BE54-9A1E7A4F7556}") = "Services.Tests", "tests\Services.Tests\Services.Tests.csproj", "{0A55C3FC-E410-47FA-AF54-F94EF66368DE}"
EndProject
Project("{9A19103F-16F7-4668-BE54-9A1E7A4F7556}") = "Tests.Lib", "tests\Tests.Lib\Tests.Lib.csproj", "{D8F1488F-052B-4DB3-B3A7-C1AF61F66BD7}"
EndProject
Project("{9A19103F-16F7-4668-BE54-9A1E7A4F7556}") = "Api.Tests", "tests\Api.Tests\Api.Tests.csproj", "{1432DD8D-7EC7-40B0-8FE2-222DF63CD4D3}"
EndProject
Project("{2150E333-8FDC-42A3-9474-1A3956D46DE8}") = "Resources", "Resources", "{6975A181-0D05-453B-96A0-84FFF102D125}"
EndProject
Project("{9A19103F-16F7-4668-BE54-9A1E7A4F7556}") = "Api.IntegrationTests", "tests\IntegrationTests\Api.IntegrationTests\Api.IntegrationTests.csproj", "{2C4DC0E1-4780-4700-A84A-42040CCCC13D}"
EndProject
Project("{9A19103F-16F7-4668-BE54-9A1E7A4F7556}") = "Infrastructure", "src\Infrastructure\Infrastructure.csproj", "{85836F46-7ECB-491A-AF32-5A5DA3725595}"
EndProject
Project("{FAE04EC0-301F-11D3-BF4B-00C04F79EFBC}") = "Api", "src\Api\Api.csproj", "{2D65DD6C-26F1-468B-A1A6-814FE2C4E31F}"
EndProject
Project("{FAE04EC0-301F-11D3-BF4B-00C04F79EFBC}") = "Application", "src\Application\Application.csproj", "{B90084A6-D7DF-4CF3-B5C5-7561FB9B09EF}"
EndProject
Global
	GlobalSection(SolutionConfigurationPlatforms) = preSolution
		Debug|Any CPU = Debug|Any CPU
		Debug|x64 = Debug|x64
		Debug|x86 = Debug|x86
		Release|Any CPU = Release|Any CPU
		Release|x64 = Release|x64
		Release|x86 = Release|x86
	EndGlobalSection
	GlobalSection(ProjectConfigurationPlatforms) = postSolution
		{EDB20C41-2D88-4E38-AA9E-9A9793BAC4DC}.Debug|Any CPU.ActiveCfg = Debug|Any CPU
		{EDB20C41-2D88-4E38-AA9E-9A9793BAC4DC}.Debug|Any CPU.Build.0 = Debug|Any CPU
		{EDB20C41-2D88-4E38-AA9E-9A9793BAC4DC}.Debug|x64.ActiveCfg = Debug|Any CPU
		{EDB20C41-2D88-4E38-AA9E-9A9793BAC4DC}.Debug|x64.Build.0 = Debug|Any CPU
		{EDB20C41-2D88-4E38-AA9E-9A9793BAC4DC}.Debug|x86.ActiveCfg = Debug|Any CPU
		{EDB20C41-2D88-4E38-AA9E-9A9793BAC4DC}.Debug|x86.Build.0 = Debug|Any CPU
		{EDB20C41-2D88-4E38-AA9E-9A9793BAC4DC}.Release|Any CPU.ActiveCfg = Release|Any CPU
		{EDB20C41-2D88-4E38-AA9E-9A9793BAC4DC}.Release|Any CPU.Build.0 = Release|Any CPU
		{EDB20C41-2D88-4E38-AA9E-9A9793BAC4DC}.Release|x64.ActiveCfg = Release|Any CPU
		{EDB20C41-2D88-4E38-AA9E-9A9793BAC4DC}.Release|x64.Build.0 = Release|Any CPU
		{EDB20C41-2D88-4E38-AA9E-9A9793BAC4DC}.Release|x86.ActiveCfg = Release|Any CPU
		{EDB20C41-2D88-4E38-AA9E-9A9793BAC4DC}.Release|x86.Build.0 = Release|Any CPU
		{166CA6F3-BC67-460E-8684-6E486B35A596}.Debug|Any CPU.ActiveCfg = Debug|Any CPU
		{166CA6F3-BC67-460E-8684-6E486B35A596}.Debug|Any CPU.Build.0 = Debug|Any CPU
		{166CA6F3-BC67-460E-8684-6E486B35A596}.Debug|x64.ActiveCfg = Debug|Any CPU
		{166CA6F3-BC67-460E-8684-6E486B35A596}.Debug|x64.Build.0 = Debug|Any CPU
		{166CA6F3-BC67-460E-8684-6E486B35A596}.Debug|x86.ActiveCfg = Debug|Any CPU
		{166CA6F3-BC67-460E-8684-6E486B35A596}.Debug|x86.Build.0 = Debug|Any CPU
		{166CA6F3-BC67-460E-8684-6E486B35A596}.Release|Any CPU.ActiveCfg = Release|Any CPU
		{166CA6F3-BC67-460E-8684-6E486B35A596}.Release|Any CPU.Build.0 = Release|Any CPU
		{166CA6F3-BC67-460E-8684-6E486B35A596}.Release|x64.ActiveCfg = Release|Any CPU
		{166CA6F3-BC67-460E-8684-6E486B35A596}.Release|x64.Build.0 = Release|Any CPU
		{166CA6F3-BC67-460E-8684-6E486B35A596}.Release|x86.ActiveCfg = Release|Any CPU
		{166CA6F3-BC67-460E-8684-6E486B35A596}.Release|x86.Build.0 = Release|Any CPU
		{7DC52369-1D1B-40F0-BDBC-5A901CC2EF7F}.Debug|Any CPU.ActiveCfg = Debug|Any CPU
		{7DC52369-1D1B-40F0-BDBC-5A901CC2EF7F}.Debug|Any CPU.Build.0 = Debug|Any CPU
		{7DC52369-1D1B-40F0-BDBC-5A901CC2EF7F}.Debug|x64.ActiveCfg = Debug|Any CPU
		{7DC52369-1D1B-40F0-BDBC-5A901CC2EF7F}.Debug|x64.Build.0 = Debug|Any CPU
		{7DC52369-1D1B-40F0-BDBC-5A901CC2EF7F}.Debug|x86.ActiveCfg = Debug|Any CPU
		{7DC52369-1D1B-40F0-BDBC-5A901CC2EF7F}.Debug|x86.Build.0 = Debug|Any CPU
		{7DC52369-1D1B-40F0-BDBC-5A901CC2EF7F}.Release|Any CPU.ActiveCfg = Release|Any CPU
		{7DC52369-1D1B-40F0-BDBC-5A901CC2EF7F}.Release|Any CPU.Build.0 = Release|Any CPU
		{7DC52369-1D1B-40F0-BDBC-5A901CC2EF7F}.Release|x64.ActiveCfg = Release|Any CPU
		{7DC52369-1D1B-40F0-BDBC-5A901CC2EF7F}.Release|x64.Build.0 = Release|Any CPU
		{7DC52369-1D1B-40F0-BDBC-5A901CC2EF7F}.Release|x86.ActiveCfg = Release|Any CPU
		{7DC52369-1D1B-40F0-BDBC-5A901CC2EF7F}.Release|x86.Build.0 = Release|Any CPU
		{4B11B628-934C-45D2-A4B1-2B1144DB8C42}.Debug|Any CPU.ActiveCfg = Debug|Any CPU
		{4B11B628-934C-45D2-A4B1-2B1144DB8C42}.Debug|Any CPU.Build.0 = Debug|Any CPU
		{4B11B628-934C-45D2-A4B1-2B1144DB8C42}.Debug|x64.ActiveCfg = Debug|Any CPU
		{4B11B628-934C-45D2-A4B1-2B1144DB8C42}.Debug|x64.Build.0 = Debug|Any CPU
		{4B11B628-934C-45D2-A4B1-2B1144DB8C42}.Debug|x86.ActiveCfg = Debug|Any CPU
		{4B11B628-934C-45D2-A4B1-2B1144DB8C42}.Debug|x86.Build.0 = Debug|Any CPU
		{4B11B628-934C-45D2-A4B1-2B1144DB8C42}.Release|Any CPU.ActiveCfg = Release|Any CPU
		{4B11B628-934C-45D2-A4B1-2B1144DB8C42}.Release|Any CPU.Build.0 = Release|Any CPU
		{4B11B628-934C-45D2-A4B1-2B1144DB8C42}.Release|x64.ActiveCfg = Release|Any CPU
		{4B11B628-934C-45D2-A4B1-2B1144DB8C42}.Release|x64.Build.0 = Release|Any CPU
		{4B11B628-934C-45D2-A4B1-2B1144DB8C42}.Release|x86.ActiveCfg = Release|Any CPU
		{4B11B628-934C-45D2-A4B1-2B1144DB8C42}.Release|x86.Build.0 = Release|Any CPU
		{0A55C3FC-E410-47FA-AF54-F94EF66368DE}.Debug|Any CPU.ActiveCfg = Debug|Any CPU
		{0A55C3FC-E410-47FA-AF54-F94EF66368DE}.Debug|Any CPU.Build.0 = Debug|Any CPU
		{0A55C3FC-E410-47FA-AF54-F94EF66368DE}.Debug|x64.ActiveCfg = Debug|Any CPU
		{0A55C3FC-E410-47FA-AF54-F94EF66368DE}.Debug|x64.Build.0 = Debug|Any CPU
		{0A55C3FC-E410-47FA-AF54-F94EF66368DE}.Debug|x86.ActiveCfg = Debug|Any CPU
		{0A55C3FC-E410-47FA-AF54-F94EF66368DE}.Debug|x86.Build.0 = Debug|Any CPU
		{0A55C3FC-E410-47FA-AF54-F94EF66368DE}.Release|Any CPU.ActiveCfg = Release|Any CPU
		{0A55C3FC-E410-47FA-AF54-F94EF66368DE}.Release|Any CPU.Build.0 = Release|Any CPU
		{0A55C3FC-E410-47FA-AF54-F94EF66368DE}.Release|x64.ActiveCfg = Release|Any CPU
		{0A55C3FC-E410-47FA-AF54-F94EF66368DE}.Release|x64.Build.0 = Release|Any CPU
		{0A55C3FC-E410-47FA-AF54-F94EF66368DE}.Release|x86.ActiveCfg = Release|Any CPU
		{0A55C3FC-E410-47FA-AF54-F94EF66368DE}.Release|x86.Build.0 = Release|Any CPU
		{D8F1488F-052B-4DB3-B3A7-C1AF61F66BD7}.Debug|Any CPU.ActiveCfg = Debug|Any CPU
		{D8F1488F-052B-4DB3-B3A7-C1AF61F66BD7}.Debug|Any CPU.Build.0 = Debug|Any CPU
		{D8F1488F-052B-4DB3-B3A7-C1AF61F66BD7}.Debug|x64.ActiveCfg = Debug|Any CPU
		{D8F1488F-052B-4DB3-B3A7-C1AF61F66BD7}.Debug|x64.Build.0 = Debug|Any CPU
		{D8F1488F-052B-4DB3-B3A7-C1AF61F66BD7}.Debug|x86.ActiveCfg = Debug|Any CPU
		{D8F1488F-052B-4DB3-B3A7-C1AF61F66BD7}.Debug|x86.Build.0 = Debug|Any CPU
		{D8F1488F-052B-4DB3-B3A7-C1AF61F66BD7}.Release|Any CPU.ActiveCfg = Release|Any CPU
		{D8F1488F-052B-4DB3-B3A7-C1AF61F66BD7}.Release|Any CPU.Build.0 = Release|Any CPU
		{D8F1488F-052B-4DB3-B3A7-C1AF61F66BD7}.Release|x64.ActiveCfg = Release|Any CPU
		{D8F1488F-052B-4DB3-B3A7-C1AF61F66BD7}.Release|x64.Build.0 = Release|Any CPU
		{D8F1488F-052B-4DB3-B3A7-C1AF61F66BD7}.Release|x86.ActiveCfg = Release|Any CPU
		{D8F1488F-052B-4DB3-B3A7-C1AF61F66BD7}.Release|x86.Build.0 = Release|Any CPU
		{1432DD8D-7EC7-40B0-8FE2-222DF63CD4D3}.Debug|Any CPU.ActiveCfg = Debug|Any CPU
		{1432DD8D-7EC7-40B0-8FE2-222DF63CD4D3}.Debug|Any CPU.Build.0 = Debug|Any CPU
		{1432DD8D-7EC7-40B0-8FE2-222DF63CD4D3}.Debug|x64.ActiveCfg = Debug|Any CPU
		{1432DD8D-7EC7-40B0-8FE2-222DF63CD4D3}.Debug|x64.Build.0 = Debug|Any CPU
		{1432DD8D-7EC7-40B0-8FE2-222DF63CD4D3}.Debug|x86.ActiveCfg = Debug|Any CPU
		{1432DD8D-7EC7-40B0-8FE2-222DF63CD4D3}.Debug|x86.Build.0 = Debug|Any CPU
		{1432DD8D-7EC7-40B0-8FE2-222DF63CD4D3}.Release|Any CPU.ActiveCfg = Release|Any CPU
		{1432DD8D-7EC7-40B0-8FE2-222DF63CD4D3}.Release|Any CPU.Build.0 = Release|Any CPU
		{1432DD8D-7EC7-40B0-8FE2-222DF63CD4D3}.Release|x64.ActiveCfg = Release|Any CPU
		{1432DD8D-7EC7-40B0-8FE2-222DF63CD4D3}.Release|x64.Build.0 = Release|Any CPU
		{1432DD8D-7EC7-40B0-8FE2-222DF63CD4D3}.Release|x86.ActiveCfg = Release|Any CPU
		{1432DD8D-7EC7-40B0-8FE2-222DF63CD4D3}.Release|x86.Build.0 = Release|Any CPU
		{2C4DC0E1-4780-4700-A84A-42040CCCC13D}.Debug|Any CPU.ActiveCfg = Debug|Any CPU
		{2C4DC0E1-4780-4700-A84A-42040CCCC13D}.Debug|Any CPU.Build.0 = Debug|Any CPU
		{2C4DC0E1-4780-4700-A84A-42040CCCC13D}.Debug|x64.ActiveCfg = Debug|Any CPU
		{2C4DC0E1-4780-4700-A84A-42040CCCC13D}.Debug|x64.Build.0 = Debug|Any CPU
		{2C4DC0E1-4780-4700-A84A-42040CCCC13D}.Debug|x86.ActiveCfg = Debug|Any CPU
		{2C4DC0E1-4780-4700-A84A-42040CCCC13D}.Debug|x86.Build.0 = Debug|Any CPU
		{2C4DC0E1-4780-4700-A84A-42040CCCC13D}.Release|Any CPU.ActiveCfg = Release|Any CPU
		{2C4DC0E1-4780-4700-A84A-42040CCCC13D}.Release|Any CPU.Build.0 = Release|Any CPU
		{2C4DC0E1-4780-4700-A84A-42040CCCC13D}.Release|x64.ActiveCfg = Release|Any CPU
		{2C4DC0E1-4780-4700-A84A-42040CCCC13D}.Release|x64.Build.0 = Release|Any CPU
		{2C4DC0E1-4780-4700-A84A-42040CCCC13D}.Release|x86.ActiveCfg = Release|Any CPU
		{2C4DC0E1-4780-4700-A84A-42040CCCC13D}.Release|x86.Build.0 = Release|Any CPU
		{85836F46-7ECB-491A-AF32-5A5DA3725595}.Debug|Any CPU.ActiveCfg = Debug|Any CPU
		{85836F46-7ECB-491A-AF32-5A5DA3725595}.Debug|Any CPU.Build.0 = Debug|Any CPU
		{85836F46-7ECB-491A-AF32-5A5DA3725595}.Debug|x64.ActiveCfg = Debug|Any CPU
		{85836F46-7ECB-491A-AF32-5A5DA3725595}.Debug|x64.Build.0 = Debug|Any CPU
		{85836F46-7ECB-491A-AF32-5A5DA3725595}.Debug|x86.ActiveCfg = Debug|Any CPU
		{85836F46-7ECB-491A-AF32-5A5DA3725595}.Debug|x86.Build.0 = Debug|Any CPU
		{85836F46-7ECB-491A-AF32-5A5DA3725595}.Release|Any CPU.ActiveCfg = Release|Any CPU
		{85836F46-7ECB-491A-AF32-5A5DA3725595}.Release|Any CPU.Build.0 = Release|Any CPU
		{85836F46-7ECB-491A-AF32-5A5DA3725595}.Release|x64.ActiveCfg = Release|Any CPU
		{85836F46-7ECB-491A-AF32-5A5DA3725595}.Release|x64.Build.0 = Release|Any CPU
		{85836F46-7ECB-491A-AF32-5A5DA3725595}.Release|x86.ActiveCfg = Release|Any CPU
		{85836F46-7ECB-491A-AF32-5A5DA3725595}.Release|x86.Build.0 = Release|Any CPU
		{2D65DD6C-26F1-468B-A1A6-814FE2C4E31F}.Debug|Any CPU.ActiveCfg = Debug|Any CPU
		{2D65DD6C-26F1-468B-A1A6-814FE2C4E31F}.Debug|Any CPU.Build.0 = Debug|Any CPU
		{2D65DD6C-26F1-468B-A1A6-814FE2C4E31F}.Debug|x64.ActiveCfg = Debug|Any CPU
		{2D65DD6C-26F1-468B-A1A6-814FE2C4E31F}.Debug|x64.Build.0 = Debug|Any CPU
		{2D65DD6C-26F1-468B-A1A6-814FE2C4E31F}.Debug|x86.ActiveCfg = Debug|Any CPU
		{2D65DD6C-26F1-468B-A1A6-814FE2C4E31F}.Debug|x86.Build.0 = Debug|Any CPU
		{2D65DD6C-26F1-468B-A1A6-814FE2C4E31F}.Release|Any CPU.ActiveCfg = Release|Any CPU
		{2D65DD6C-26F1-468B-A1A6-814FE2C4E31F}.Release|Any CPU.Build.0 = Release|Any CPU
		{2D65DD6C-26F1-468B-A1A6-814FE2C4E31F}.Release|x64.ActiveCfg = Release|Any CPU
		{2D65DD6C-26F1-468B-A1A6-814FE2C4E31F}.Release|x64.Build.0 = Release|Any CPU
		{2D65DD6C-26F1-468B-A1A6-814FE2C4E31F}.Release|x86.ActiveCfg = Release|Any CPU
		{2D65DD6C-26F1-468B-A1A6-814FE2C4E31F}.Release|x86.Build.0 = Release|Any CPU
		{B90084A6-D7DF-4CF3-B5C5-7561FB9B09EF}.Debug|Any CPU.ActiveCfg = Debug|Any CPU
		{B90084A6-D7DF-4CF3-B5C5-7561FB9B09EF}.Debug|Any CPU.Build.0 = Debug|Any CPU
		{B90084A6-D7DF-4CF3-B5C5-7561FB9B09EF}.Debug|x64.ActiveCfg = Debug|Any CPU
		{B90084A6-D7DF-4CF3-B5C5-7561FB9B09EF}.Debug|x64.Build.0 = Debug|Any CPU
		{B90084A6-D7DF-4CF3-B5C5-7561FB9B09EF}.Debug|x86.ActiveCfg = Debug|Any CPU
		{B90084A6-D7DF-4CF3-B5C5-7561FB9B09EF}.Debug|x86.Build.0 = Debug|Any CPU
		{B90084A6-D7DF-4CF3-B5C5-7561FB9B09EF}.Release|Any CPU.ActiveCfg = Release|Any CPU
		{B90084A6-D7DF-4CF3-B5C5-7561FB9B09EF}.Release|Any CPU.Build.0 = Release|Any CPU
		{B90084A6-D7DF-4CF3-B5C5-7561FB9B09EF}.Release|x64.ActiveCfg = Release|Any CPU
		{B90084A6-D7DF-4CF3-B5C5-7561FB9B09EF}.Release|x64.Build.0 = Release|Any CPU
		{B90084A6-D7DF-4CF3-B5C5-7561FB9B09EF}.Release|x86.ActiveCfg = Release|Any CPU
		{B90084A6-D7DF-4CF3-B5C5-7561FB9B09EF}.Release|x86.Build.0 = Release|Any CPU
	EndGlobalSection
	GlobalSection(SolutionProperties) = preSolution
		HideSolutionNode = FALSE
	EndGlobalSection
	GlobalSection(NestedProjects) = preSolution
		{EDB20C41-2D88-4E38-AA9E-9A9793BAC4DC} = {48254911-AFAE-40C6-8F83-92F9BA410E22}
		{166CA6F3-BC67-460E-8684-6E486B35A596} = {48254911-AFAE-40C6-8F83-92F9BA410E22}
		{7DC52369-1D1B-40F0-BDBC-5A901CC2EF7F} = {48254911-AFAE-40C6-8F83-92F9BA410E22}
		{4B11B628-934C-45D2-A4B1-2B1144DB8C42} = {CF363F75-9A2E-49B3-A83D-18F75B594CE0}
		{0A55C3FC-E410-47FA-AF54-F94EF66368DE} = {CF363F75-9A2E-49B3-A83D-18F75B594CE0}
		{D8F1488F-052B-4DB3-B3A7-C1AF61F66BD7} = {CF363F75-9A2E-49B3-A83D-18F75B594CE0}
		{1432DD8D-7EC7-40B0-8FE2-222DF63CD4D3} = {CF363F75-9A2E-49B3-A83D-18F75B594CE0}
		{2C4DC0E1-4780-4700-A84A-42040CCCC13D} = {CF363F75-9A2E-49B3-A83D-18F75B594CE0}
		{85836F46-7ECB-491A-AF32-5A5DA3725595} = {48254911-AFAE-40C6-8F83-92F9BA410E22}
		{2D65DD6C-26F1-468B-A1A6-814FE2C4E31F} = {48254911-AFAE-40C6-8F83-92F9BA410E22}
		{B90084A6-D7DF-4CF3-B5C5-7561FB9B09EF} = {48254911-AFAE-40C6-8F83-92F9BA410E22}
	EndGlobalSection
	GlobalSection(ExtensibilityGlobals) = postSolution
		SolutionGuid = {F0C35BC8-D4C1-409C-9B4C-AF71E6FE8F54}
	EndGlobalSection
EndGlobal
