
Microsoft Visual Studio Solution File, Format Version 12.00
# Visual Studio Version 16
VisualStudioVersion = 16.0.29709.97
MinimumVisualStudioVersion = 15.0.26124.0
Project("{2150E333-8FDC-42A3-9474-1A3956D46DE8}") = "src", "src", "{878C8A77-5C3B-49A4-B970-0CC42DB465FB}"
EndProject
Project("{2150E333-8FDC-42A3-9474-1A3956D46DE8}") = "Libraries", "Libraries", "{9547A884-784C-47AA-ACBB-C9B42FE4A489}"
EndProject
Project("{9A19103F-16F7-4668-BE54-9A1E7A4F7556}") = "Application", "src\Libraries\Application\Application.csproj", "{FAFFC83F-4364-46C3-A96E-6BA4740EF27B}"
EndProject
Project("{9A19103F-16F7-4668-BE54-9A1E7A4F7556}") = "Core", "src\Libraries\Core\Core.csproj", "{AEC0D6C8-AA73-42D3-BC63-2C8343606299}"
EndProject
Project("{9A19103F-16F7-4668-BE54-9A1E7A4F7556}") = "DAL", "src\Libraries\DAL\DAL.csproj", "{D61FC492-C9E8-4D9B-8B07-F5D104833BB1}"
EndProject
Project("{9A19103F-16F7-4668-BE54-9A1E7A4F7556}") = "Infrastructure", "src\Libraries\Infrastructure\Infrastructure.csproj", "{1C9E345D-C27B-4861-A676-0858A77A3890}"
EndProject
Project("{2150E333-8FDC-42A3-9474-1A3956D46DE8}") = "Presentation", "Presentation", "{632B3692-B692-45A9-ADAC-C6021E05FAC8}"
EndProject
Project("{9A19103F-16F7-4668-BE54-9A1E7A4F7556}") = "Api", "src\Presentation\Api\Api.csproj", "{C2B5E449-36D1-4C99-9B5D-3F789A97B3A5}"
EndProject
Project("{2150E333-8FDC-42A3-9474-1A3956D46DE8}") = "tests", "tests", "{0B5AC572-56CE-4D62-9B92-61415F641A6F}"
EndProject
Project("{2150E333-8FDC-42A3-9474-1A3956D46DE8}") = "IntegrationTests", "IntegrationTests", "{77030376-4F09-45AF-9610-1392B4D3531D}"
EndProject
Project("{9A19103F-16F7-4668-BE54-9A1E7A4F7556}") = "Api.Tests", "tests\IntegrationTests\Api.Tests\Api.Tests.csproj", "{72BC4112-CE60-4F82-A640-EB342F7EDB45}"
EndProject
Project("{2150E333-8FDC-42A3-9474-1A3956D46DE8}") = "UnitTests", "UnitTests", "{9B00D943-CA24-4BE2-AFCB-D502162EC62B}"
EndProject
Project("{9A19103F-16F7-4668-BE54-9A1E7A4F7556}") = "Services.Tests", "tests\UnitTests\Services.Tests\Services.Tests.csproj", "{0E80E4A8-91F9-4F21-96AF-9DE8582DB013}"
EndProject
Project("{9A19103F-16F7-4668-BE54-9A1E7A4F7556}") = "Tests.Lib", "tests\Tests.Lib\Tests.Lib.csproj", "{2BFA21D7-EFED-4A1D-BB64-3EBED66FBF40}"
EndProject
Project("{9A19103F-16F7-4668-BE54-9A1E7A4F7556}") = "Core.Tests", "tests\UnitTests\Core.Tests\Core.Tests.csproj", "{725578F6-3FE9-47EF-BF0D-F64D2CECF717}"
EndProject
Project("{2150E333-8FDC-42A3-9474-1A3956D46DE8}") = "Solution Items", "Solution Items", "{12991687-45EB-4688-ACAC-92009D02AE52}"
	ProjectSection(SolutionItems) = preProject
		LICENSE = LICENSE
		README.md = README.md
	EndProjectSection
EndProject
Project("{2150E333-8FDC-42A3-9474-1A3956D46DE8}") = "Tools", "Tools", "{F1C3B431-BA23-4E63-A4AD-B656C9A1152D}"
EndProject
Project("{6EC3EE1D-3C4E-46DD-8F32-0CC8E7565705}") = "Helper", "src\Tools\Helper\Helper.fsproj", "{EEB90E87-AE49-4E0D-8BE8-30E258CA6BCD}"
EndProject
Global
	GlobalSection(SolutionConfigurationPlatforms) = preSolution
		Debug|Any CPU = Debug|Any CPU
		Debug|x64 = Debug|x64
		Debug|x86 = Debug|x86
		Release|Any CPU = Release|Any CPU
		Release|x64 = Release|x64
		Release|x86 = Release|x86
	EndGlobalSection
	GlobalSection(ProjectConfigurationPlatforms) = postSolution
		{FAFFC83F-4364-46C3-A96E-6BA4740EF27B}.Debug|Any CPU.ActiveCfg = Debug|Any CPU
		{FAFFC83F-4364-46C3-A96E-6BA4740EF27B}.Debug|Any CPU.Build.0 = Debug|Any CPU
		{FAFFC83F-4364-46C3-A96E-6BA4740EF27B}.Debug|x64.ActiveCfg = Debug|Any CPU
		{FAFFC83F-4364-46C3-A96E-6BA4740EF27B}.Debug|x64.Build.0 = Debug|Any CPU
		{FAFFC83F-4364-46C3-A96E-6BA4740EF27B}.Debug|x86.ActiveCfg = Debug|Any CPU
		{FAFFC83F-4364-46C3-A96E-6BA4740EF27B}.Debug|x86.Build.0 = Debug|Any CPU
		{FAFFC83F-4364-46C3-A96E-6BA4740EF27B}.Release|Any CPU.ActiveCfg = Release|Any CPU
		{FAFFC83F-4364-46C3-A96E-6BA4740EF27B}.Release|Any CPU.Build.0 = Release|Any CPU
		{FAFFC83F-4364-46C3-A96E-6BA4740EF27B}.Release|x64.ActiveCfg = Release|Any CPU
		{FAFFC83F-4364-46C3-A96E-6BA4740EF27B}.Release|x64.Build.0 = Release|Any CPU
		{FAFFC83F-4364-46C3-A96E-6BA4740EF27B}.Release|x86.ActiveCfg = Release|Any CPU
		{FAFFC83F-4364-46C3-A96E-6BA4740EF27B}.Release|x86.Build.0 = Release|Any CPU
		{AEC0D6C8-AA73-42D3-BC63-2C8343606299}.Debug|Any CPU.ActiveCfg = Debug|Any CPU
		{AEC0D6C8-AA73-42D3-BC63-2C8343606299}.Debug|Any CPU.Build.0 = Debug|Any CPU
		{AEC0D6C8-AA73-42D3-BC63-2C8343606299}.Debug|x64.ActiveCfg = Debug|Any CPU
		{AEC0D6C8-AA73-42D3-BC63-2C8343606299}.Debug|x64.Build.0 = Debug|Any CPU
		{AEC0D6C8-AA73-42D3-BC63-2C8343606299}.Debug|x86.ActiveCfg = Debug|Any CPU
		{AEC0D6C8-AA73-42D3-BC63-2C8343606299}.Debug|x86.Build.0 = Debug|Any CPU
		{AEC0D6C8-AA73-42D3-BC63-2C8343606299}.Release|Any CPU.ActiveCfg = Release|Any CPU
		{AEC0D6C8-AA73-42D3-BC63-2C8343606299}.Release|Any CPU.Build.0 = Release|Any CPU
		{AEC0D6C8-AA73-42D3-BC63-2C8343606299}.Release|x64.ActiveCfg = Release|Any CPU
		{AEC0D6C8-AA73-42D3-BC63-2C8343606299}.Release|x64.Build.0 = Release|Any CPU
		{AEC0D6C8-AA73-42D3-BC63-2C8343606299}.Release|x86.ActiveCfg = Release|Any CPU
		{AEC0D6C8-AA73-42D3-BC63-2C8343606299}.Release|x86.Build.0 = Release|Any CPU
		{D61FC492-C9E8-4D9B-8B07-F5D104833BB1}.Debug|Any CPU.ActiveCfg = Debug|Any CPU
		{D61FC492-C9E8-4D9B-8B07-F5D104833BB1}.Debug|Any CPU.Build.0 = Debug|Any CPU
		{D61FC492-C9E8-4D9B-8B07-F5D104833BB1}.Debug|x64.ActiveCfg = Debug|Any CPU
		{D61FC492-C9E8-4D9B-8B07-F5D104833BB1}.Debug|x64.Build.0 = Debug|Any CPU
		{D61FC492-C9E8-4D9B-8B07-F5D104833BB1}.Debug|x86.ActiveCfg = Debug|Any CPU
		{D61FC492-C9E8-4D9B-8B07-F5D104833BB1}.Debug|x86.Build.0 = Debug|Any CPU
		{D61FC492-C9E8-4D9B-8B07-F5D104833BB1}.Release|Any CPU.ActiveCfg = Release|Any CPU
		{D61FC492-C9E8-4D9B-8B07-F5D104833BB1}.Release|Any CPU.Build.0 = Release|Any CPU
		{D61FC492-C9E8-4D9B-8B07-F5D104833BB1}.Release|x64.ActiveCfg = Release|Any CPU
		{D61FC492-C9E8-4D9B-8B07-F5D104833BB1}.Release|x64.Build.0 = Release|Any CPU
		{D61FC492-C9E8-4D9B-8B07-F5D104833BB1}.Release|x86.ActiveCfg = Release|Any CPU
		{D61FC492-C9E8-4D9B-8B07-F5D104833BB1}.Release|x86.Build.0 = Release|Any CPU
		{1C9E345D-C27B-4861-A676-0858A77A3890}.Debug|Any CPU.ActiveCfg = Debug|Any CPU
		{1C9E345D-C27B-4861-A676-0858A77A3890}.Debug|Any CPU.Build.0 = Debug|Any CPU
		{1C9E345D-C27B-4861-A676-0858A77A3890}.Debug|x64.ActiveCfg = Debug|Any CPU
		{1C9E345D-C27B-4861-A676-0858A77A3890}.Debug|x64.Build.0 = Debug|Any CPU
		{1C9E345D-C27B-4861-A676-0858A77A3890}.Debug|x86.ActiveCfg = Debug|Any CPU
		{1C9E345D-C27B-4861-A676-0858A77A3890}.Debug|x86.Build.0 = Debug|Any CPU
		{1C9E345D-C27B-4861-A676-0858A77A3890}.Release|Any CPU.ActiveCfg = Release|Any CPU
		{1C9E345D-C27B-4861-A676-0858A77A3890}.Release|Any CPU.Build.0 = Release|Any CPU
		{1C9E345D-C27B-4861-A676-0858A77A3890}.Release|x64.ActiveCfg = Release|Any CPU
		{1C9E345D-C27B-4861-A676-0858A77A3890}.Release|x64.Build.0 = Release|Any CPU
		{1C9E345D-C27B-4861-A676-0858A77A3890}.Release|x86.ActiveCfg = Release|Any CPU
		{1C9E345D-C27B-4861-A676-0858A77A3890}.Release|x86.Build.0 = Release|Any CPU
		{C2B5E449-36D1-4C99-9B5D-3F789A97B3A5}.Debug|Any CPU.ActiveCfg = Debug|Any CPU
		{C2B5E449-36D1-4C99-9B5D-3F789A97B3A5}.Debug|Any CPU.Build.0 = Debug|Any CPU
		{C2B5E449-36D1-4C99-9B5D-3F789A97B3A5}.Debug|x64.ActiveCfg = Debug|Any CPU
		{C2B5E449-36D1-4C99-9B5D-3F789A97B3A5}.Debug|x64.Build.0 = Debug|Any CPU
		{C2B5E449-36D1-4C99-9B5D-3F789A97B3A5}.Debug|x86.ActiveCfg = Debug|Any CPU
		{C2B5E449-36D1-4C99-9B5D-3F789A97B3A5}.Debug|x86.Build.0 = Debug|Any CPU
		{C2B5E449-36D1-4C99-9B5D-3F789A97B3A5}.Release|Any CPU.ActiveCfg = Release|Any CPU
		{C2B5E449-36D1-4C99-9B5D-3F789A97B3A5}.Release|Any CPU.Build.0 = Release|Any CPU
		{C2B5E449-36D1-4C99-9B5D-3F789A97B3A5}.Release|x64.ActiveCfg = Release|Any CPU
		{C2B5E449-36D1-4C99-9B5D-3F789A97B3A5}.Release|x64.Build.0 = Release|Any CPU
		{C2B5E449-36D1-4C99-9B5D-3F789A97B3A5}.Release|x86.ActiveCfg = Release|Any CPU
		{C2B5E449-36D1-4C99-9B5D-3F789A97B3A5}.Release|x86.Build.0 = Release|Any CPU
		{72BC4112-CE60-4F82-A640-EB342F7EDB45}.Debug|Any CPU.ActiveCfg = Debug|Any CPU
		{72BC4112-CE60-4F82-A640-EB342F7EDB45}.Debug|Any CPU.Build.0 = Debug|Any CPU
		{72BC4112-CE60-4F82-A640-EB342F7EDB45}.Debug|x64.ActiveCfg = Debug|Any CPU
		{72BC4112-CE60-4F82-A640-EB342F7EDB45}.Debug|x64.Build.0 = Debug|Any CPU
		{72BC4112-CE60-4F82-A640-EB342F7EDB45}.Debug|x86.ActiveCfg = Debug|Any CPU
		{72BC4112-CE60-4F82-A640-EB342F7EDB45}.Debug|x86.Build.0 = Debug|Any CPU
		{72BC4112-CE60-4F82-A640-EB342F7EDB45}.Release|Any CPU.ActiveCfg = Release|Any CPU
		{72BC4112-CE60-4F82-A640-EB342F7EDB45}.Release|Any CPU.Build.0 = Release|Any CPU
		{72BC4112-CE60-4F82-A640-EB342F7EDB45}.Release|x64.ActiveCfg = Release|Any CPU
		{72BC4112-CE60-4F82-A640-EB342F7EDB45}.Release|x64.Build.0 = Release|Any CPU
		{72BC4112-CE60-4F82-A640-EB342F7EDB45}.Release|x86.ActiveCfg = Release|Any CPU
		{72BC4112-CE60-4F82-A640-EB342F7EDB45}.Release|x86.Build.0 = Release|Any CPU
		{0E80E4A8-91F9-4F21-96AF-9DE8582DB013}.Debug|Any CPU.ActiveCfg = Debug|Any CPU
		{0E80E4A8-91F9-4F21-96AF-9DE8582DB013}.Debug|Any CPU.Build.0 = Debug|Any CPU
		{0E80E4A8-91F9-4F21-96AF-9DE8582DB013}.Debug|x64.ActiveCfg = Debug|Any CPU
		{0E80E4A8-91F9-4F21-96AF-9DE8582DB013}.Debug|x64.Build.0 = Debug|Any CPU
		{0E80E4A8-91F9-4F21-96AF-9DE8582DB013}.Debug|x86.ActiveCfg = Debug|Any CPU
		{0E80E4A8-91F9-4F21-96AF-9DE8582DB013}.Debug|x86.Build.0 = Debug|Any CPU
		{0E80E4A8-91F9-4F21-96AF-9DE8582DB013}.Release|Any CPU.ActiveCfg = Release|Any CPU
		{0E80E4A8-91F9-4F21-96AF-9DE8582DB013}.Release|Any CPU.Build.0 = Release|Any CPU
		{0E80E4A8-91F9-4F21-96AF-9DE8582DB013}.Release|x64.ActiveCfg = Release|Any CPU
		{0E80E4A8-91F9-4F21-96AF-9DE8582DB013}.Release|x64.Build.0 = Release|Any CPU
		{0E80E4A8-91F9-4F21-96AF-9DE8582DB013}.Release|x86.ActiveCfg = Release|Any CPU
		{0E80E4A8-91F9-4F21-96AF-9DE8582DB013}.Release|x86.Build.0 = Release|Any CPU
		{2BFA21D7-EFED-4A1D-BB64-3EBED66FBF40}.Debug|Any CPU.ActiveCfg = Debug|Any CPU
		{2BFA21D7-EFED-4A1D-BB64-3EBED66FBF40}.Debug|Any CPU.Build.0 = Debug|Any CPU
		{2BFA21D7-EFED-4A1D-BB64-3EBED66FBF40}.Debug|x64.ActiveCfg = Debug|Any CPU
		{2BFA21D7-EFED-4A1D-BB64-3EBED66FBF40}.Debug|x64.Build.0 = Debug|Any CPU
		{2BFA21D7-EFED-4A1D-BB64-3EBED66FBF40}.Debug|x86.ActiveCfg = Debug|Any CPU
		{2BFA21D7-EFED-4A1D-BB64-3EBED66FBF40}.Debug|x86.Build.0 = Debug|Any CPU
		{2BFA21D7-EFED-4A1D-BB64-3EBED66FBF40}.Release|Any CPU.ActiveCfg = Release|Any CPU
		{2BFA21D7-EFED-4A1D-BB64-3EBED66FBF40}.Release|Any CPU.Build.0 = Release|Any CPU
		{2BFA21D7-EFED-4A1D-BB64-3EBED66FBF40}.Release|x64.ActiveCfg = Release|Any CPU
		{2BFA21D7-EFED-4A1D-BB64-3EBED66FBF40}.Release|x64.Build.0 = Release|Any CPU
		{2BFA21D7-EFED-4A1D-BB64-3EBED66FBF40}.Release|x86.ActiveCfg = Release|Any CPU
		{2BFA21D7-EFED-4A1D-BB64-3EBED66FBF40}.Release|x86.Build.0 = Release|Any CPU
		{725578F6-3FE9-47EF-BF0D-F64D2CECF717}.Debug|Any CPU.ActiveCfg = Debug|Any CPU
		{725578F6-3FE9-47EF-BF0D-F64D2CECF717}.Debug|Any CPU.Build.0 = Debug|Any CPU
		{725578F6-3FE9-47EF-BF0D-F64D2CECF717}.Debug|x64.ActiveCfg = Debug|Any CPU
		{725578F6-3FE9-47EF-BF0D-F64D2CECF717}.Debug|x64.Build.0 = Debug|Any CPU
		{725578F6-3FE9-47EF-BF0D-F64D2CECF717}.Debug|x86.ActiveCfg = Debug|Any CPU
		{725578F6-3FE9-47EF-BF0D-F64D2CECF717}.Debug|x86.Build.0 = Debug|Any CPU
		{725578F6-3FE9-47EF-BF0D-F64D2CECF717}.Release|Any CPU.ActiveCfg = Release|Any CPU
		{725578F6-3FE9-47EF-BF0D-F64D2CECF717}.Release|Any CPU.Build.0 = Release|Any CPU
		{725578F6-3FE9-47EF-BF0D-F64D2CECF717}.Release|x64.ActiveCfg = Release|Any CPU
		{725578F6-3FE9-47EF-BF0D-F64D2CECF717}.Release|x64.Build.0 = Release|Any CPU
		{725578F6-3FE9-47EF-BF0D-F64D2CECF717}.Release|x86.ActiveCfg = Release|Any CPU
		{725578F6-3FE9-47EF-BF0D-F64D2CECF717}.Release|x86.Build.0 = Release|Any CPU
		{EEB90E87-AE49-4E0D-8BE8-30E258CA6BCD}.Debug|Any CPU.ActiveCfg = Debug|Any CPU
		{EEB90E87-AE49-4E0D-8BE8-30E258CA6BCD}.Debug|Any CPU.Build.0 = Debug|Any CPU
		{EEB90E87-AE49-4E0D-8BE8-30E258CA6BCD}.Debug|x64.ActiveCfg = Debug|Any CPU
		{EEB90E87-AE49-4E0D-8BE8-30E258CA6BCD}.Debug|x64.Build.0 = Debug|Any CPU
		{EEB90E87-AE49-4E0D-8BE8-30E258CA6BCD}.Debug|x86.ActiveCfg = Debug|Any CPU
		{EEB90E87-AE49-4E0D-8BE8-30E258CA6BCD}.Debug|x86.Build.0 = Debug|Any CPU
		{EEB90E87-AE49-4E0D-8BE8-30E258CA6BCD}.Release|Any CPU.ActiveCfg = Release|Any CPU
		{EEB90E87-AE49-4E0D-8BE8-30E258CA6BCD}.Release|Any CPU.Build.0 = Release|Any CPU
		{EEB90E87-AE49-4E0D-8BE8-30E258CA6BCD}.Release|x64.ActiveCfg = Release|Any CPU
		{EEB90E87-AE49-4E0D-8BE8-30E258CA6BCD}.Release|x64.Build.0 = Release|Any CPU
		{EEB90E87-AE49-4E0D-8BE8-30E258CA6BCD}.Release|x86.ActiveCfg = Release|Any CPU
		{EEB90E87-AE49-4E0D-8BE8-30E258CA6BCD}.Release|x86.Build.0 = Release|Any CPU
	EndGlobalSection
	GlobalSection(SolutionProperties) = preSolution
		HideSolutionNode = FALSE
	EndGlobalSection
	GlobalSection(NestedProjects) = preSolution
		{9547A884-784C-47AA-ACBB-C9B42FE4A489} = {878C8A77-5C3B-49A4-B970-0CC42DB465FB}
		{FAFFC83F-4364-46C3-A96E-6BA4740EF27B} = {9547A884-784C-47AA-ACBB-C9B42FE4A489}
		{AEC0D6C8-AA73-42D3-BC63-2C8343606299} = {9547A884-784C-47AA-ACBB-C9B42FE4A489}
		{D61FC492-C9E8-4D9B-8B07-F5D104833BB1} = {9547A884-784C-47AA-ACBB-C9B42FE4A489}
		{1C9E345D-C27B-4861-A676-0858A77A3890} = {9547A884-784C-47AA-ACBB-C9B42FE4A489}
		{632B3692-B692-45A9-ADAC-C6021E05FAC8} = {878C8A77-5C3B-49A4-B970-0CC42DB465FB}
		{C2B5E449-36D1-4C99-9B5D-3F789A97B3A5} = {632B3692-B692-45A9-ADAC-C6021E05FAC8}
		{77030376-4F09-45AF-9610-1392B4D3531D} = {0B5AC572-56CE-4D62-9B92-61415F641A6F}
		{72BC4112-CE60-4F82-A640-EB342F7EDB45} = {77030376-4F09-45AF-9610-1392B4D3531D}
		{9B00D943-CA24-4BE2-AFCB-D502162EC62B} = {0B5AC572-56CE-4D62-9B92-61415F641A6F}
		{0E80E4A8-91F9-4F21-96AF-9DE8582DB013} = {9B00D943-CA24-4BE2-AFCB-D502162EC62B}
		{2BFA21D7-EFED-4A1D-BB64-3EBED66FBF40} = {0B5AC572-56CE-4D62-9B92-61415F641A6F}
		{725578F6-3FE9-47EF-BF0D-F64D2CECF717} = {9B00D943-CA24-4BE2-AFCB-D502162EC62B}
		{F1C3B431-BA23-4E63-A4AD-B656C9A1152D} = {878C8A77-5C3B-49A4-B970-0CC42DB465FB}
		{EEB90E87-AE49-4E0D-8BE8-30E258CA6BCD} = {F1C3B431-BA23-4E63-A4AD-B656C9A1152D}
	EndGlobalSection
	GlobalSection(ExtensibilityGlobals) = postSolution
		SolutionGuid = {F78B2414-0A63-4710-B28B-CF91A437CC01}
	EndGlobalSection
EndGlobal
